
Microsoft Visual Studio Solution File, Format Version 12.00
# Visual Studio Version 16
VisualStudioVersion = 16.0.32106.194
MinimumVisualStudioVersion = 10.0.40219.1
Project("{9A19103F-16F7-4668-BE54-9A1E7A4F7556}") = "Bank Db Class Library", "Bank Db Class Library\Bank Db Class Library.csproj", "{877A65E8-0150-4B3B-954D-C07BD920E0B3}"
EndProject
Project("{FAE04EC0-301F-11D3-BF4B-00C04F79EFBC}") = "UnitTests", "UnitTests\UnitTests.csproj", "{3113E12B-5D7F-4216-962E-840B960B6305}"
EndProject
Global
	GlobalSection(SolutionConfigurationPlatforms) = preSolution
		Debug|Any CPU = Debug|Any CPU
		Release|Any CPU = Release|Any CPU
	EndGlobalSection
	GlobalSection(ProjectConfigurationPlatforms) = postSolution
		{877A65E8-0150-4B3B-954D-C07BD920E0B3}.Debug|Any CPU.ActiveCfg = Debug|Any CPU
		{877A65E8-0150-4B3B-954D-C07BD920E0B3}.Debug|Any CPU.Build.0 = Debug|Any CPU
		{877A65E8-0150-4B3B-954D-C07BD920E0B3}.Release|Any CPU.ActiveCfg = Release|Any CPU
		{877A65E8-0150-4B3B-954D-C07BD920E0B3}.Release|Any CPU.Build.0 = Release|Any CPU
		{3113E12B-5D7F-4216-962E-840B960B6305}.Debug|Any CPU.ActiveCfg = Debug|Any CPU
		{3113E12B-5D7F-4216-962E-840B960B6305}.Debug|Any CPU.Build.0 = Debug|Any CPU
		{3113E12B-5D7F-4216-962E-840B960B6305}.Release|Any CPU.ActiveCfg = Release|Any CPU
		{3113E12B-5D7F-4216-962E-840B960B6305}.Release|Any CPU.Build.0 = Release|Any CPU
	EndGlobalSection
	GlobalSection(SolutionProperties) = preSolution
		HideSolutionNode = FALSE
	EndGlobalSection
	GlobalSection(ExtensibilityGlobals) = postSolution
		SolutionGuid = {BB5CD7C7-6FF6-4F39-8010-73B330FA59D8}
	EndGlobalSection
EndGlobal
